{
  "lockfileVersion": 1,
  "dependencies": {
    "foundation-sites": {
      "version": "6.4.0",
      "resolved": "https://registry.npmjs.org/foundation-sites/-/foundation-sites-6.4.0.tgz",
      "integrity": "sha1-Vavqevmz1iNHCti/iJcrmNixWbc="
    },
    "jquery": {
      "version": "3.2.1",
      "resolved": "https://registry.npmjs.org/jquery/-/jquery-3.2.1.tgz",
      "integrity": "sha1-XE2d5lKvbNCncBVKYxu6ErAVx4c="
    },
    "what-input": {
      "version": "4.2.0",
      "resolved": "https://registry.npmjs.org/what-input/-/what-input-4.2.0.tgz",
      "integrity": "sha1-pkOcwcmDWB6udR+sOssTm/PprLc="
    }
  }
}
